
Microsoft Visual Studio Solution File, Format Version 12.00
# Visual Studio Version 17
VisualStudioVersion = 17.7.34031.279
MinimumVisualStudioVersion = 10.0.40219.1
Project("{FAE04EC0-301F-11D3-BF4B-00C04F79EFBC}") = "Programowanie ASP_NET CORE MVC", "Programowanie ASP_NET CORE MVC\Programowanie ASP_NET CORE MVC.csproj", "{11BB10F0-4790-4B13-928E-6D525859BF9B}"
EndProject
Global
	GlobalSection(SolutionConfigurationPlatforms) = preSolution
		Debug|Any CPU = Debug|Any CPU
		Release|Any CPU = Release|Any CPU
	EndGlobalSection
	GlobalSection(ProjectConfigurationPlatforms) = postSolution
		{11BB10F0-4790-4B13-928E-6D525859BF9B}.Debug|Any CPU.ActiveCfg = Debug|Any CPU
		{11BB10F0-4790-4B13-928E-6D525859BF9B}.Debug|Any CPU.Build.0 = Debug|Any CPU
		{11BB10F0-4790-4B13-928E-6D525859BF9B}.Release|Any CPU.ActiveCfg = Release|Any CPU
		{11BB10F0-4790-4B13-928E-6D525859BF9B}.Release|Any CPU.Build.0 = Release|Any CPU
	EndGlobalSection
	GlobalSection(SolutionProperties) = preSolution
		HideSolutionNode = FALSE
	EndGlobalSection
	GlobalSection(ExtensibilityGlobals) = postSolution
		SolutionGuid = {7FB15A8F-2AA2-4303-B250-898271330B92}
	EndGlobalSection
EndGlobal
